
Microsoft Visual Studio Solution File, Format Version 12.00
# Visual Studio Version 17
VisualStudioVersion = 17.8.34330.188
MinimumVisualStudioVersion = 10.0.40219.1
Project("{FAE04EC0-301F-11D3-BF4B-00C04F79EFBC}") = "TSAssignment3", "TSAssignment3\TSAssignment3.csproj", "{CD65C633-6D75-488B-BC20-0462577147D4}"
EndProject
Project("{FAE04EC0-301F-11D3-BF4B-00C04F79EFBC}") = "Invoice.Data", "Invoice.Data\Invoice.Data.csproj", "{D32C9879-1A03-461E-AD49-45FEA07C6167}"
EndProject
Project("{FAE04EC0-301F-11D3-BF4B-00C04F79EFBC}") = "Invoice.Test", "Invoice.Test\Invoice.Test.csproj", "{53DDD22C-D9D3-4957-8004-9277B9B79249}"
EndProject
Global
	GlobalSection(SolutionConfigurationPlatforms) = preSolution
		Debug|Any CPU = Debug|Any CPU
		Release|Any CPU = Release|Any CPU
	EndGlobalSection
	GlobalSection(ProjectConfigurationPlatforms) = postSolution
		{CD65C633-6D75-488B-BC20-0462577147D4}.Debug|Any CPU.ActiveCfg = Debug|Any CPU
		{CD65C633-6D75-488B-BC20-0462577147D4}.Debug|Any CPU.Build.0 = Debug|Any CPU
		{CD65C633-6D75-488B-BC20-0462577147D4}.Release|Any CPU.ActiveCfg = Release|Any CPU
		{CD65C633-6D75-488B-BC20-0462577147D4}.Release|Any CPU.Build.0 = Release|Any CPU
		{D32C9879-1A03-461E-AD49-45FEA07C6167}.Debug|Any CPU.ActiveCfg = Debug|Any CPU
		{D32C9879-1A03-461E-AD49-45FEA07C6167}.Debug|Any CPU.Build.0 = Debug|Any CPU
		{D32C9879-1A03-461E-AD49-45FEA07C6167}.Release|Any CPU.ActiveCfg = Release|Any CPU
		{D32C9879-1A03-461E-AD49-45FEA07C6167}.Release|Any CPU.Build.0 = Release|Any CPU
		{53DDD22C-D9D3-4957-8004-9277B9B79249}.Debug|Any CPU.ActiveCfg = Debug|Any CPU
		{53DDD22C-D9D3-4957-8004-9277B9B79249}.Debug|Any CPU.Build.0 = Debug|Any CPU
		{53DDD22C-D9D3-4957-8004-9277B9B79249}.Release|Any CPU.ActiveCfg = Release|Any CPU
		{53DDD22C-D9D3-4957-8004-9277B9B79249}.Release|Any CPU.Build.0 = Release|Any CPU
	EndGlobalSection
	GlobalSection(SolutionProperties) = preSolution
		HideSolutionNode = FALSE
	EndGlobalSection
	GlobalSection(ExtensibilityGlobals) = postSolution
		SolutionGuid = {68924ED2-FF8D-4E9B-9A15-9B1759BAD77B}
	EndGlobalSection
EndGlobal
